
Microsoft Visual Studio Solution File, Format Version 12.00
# Visual Studio 15
VisualStudioVersion = 15.0.26730.16
MinimumVisualStudioVersion = 10.0.40219.1
Project("{FAE04EC0-301F-11D3-BF4B-00C04F79EFBC}") = "WeatherNote", "WeatherNote\WeatherNote.csproj", "{F6D0D8EC-139D-414E-90CC-EAC87AE894C6}"
EndProject
Global
	GlobalSection(SolutionConfigurationPlatforms) = preSolution
		Debug|Any CPU = Debug|Any CPU
		Release|Any CPU = Release|Any CPU
	EndGlobalSection
	GlobalSection(ProjectConfigurationPlatforms) = postSolution
		{F6D0D8EC-139D-414E-90CC-EAC87AE894C6}.Debug|Any CPU.ActiveCfg = Debug|Any CPU
		{F6D0D8EC-139D-414E-90CC-EAC87AE894C6}.Debug|Any CPU.Build.0 = Debug|Any CPU
		{F6D0D8EC-139D-414E-90CC-EAC87AE894C6}.Release|Any CPU.ActiveCfg = Release|Any CPU
		{F6D0D8EC-139D-414E-90CC-EAC87AE894C6}.Release|Any CPU.Build.0 = Release|Any CPU
	EndGlobalSection
	GlobalSection(SolutionProperties) = preSolution
		HideSolutionNode = FALSE
	EndGlobalSection
	GlobalSection(ExtensibilityGlobals) = postSolution
		SolutionGuid = {C0B11E9E-E607-47C0-B721-7A2D647FA8D9}
	EndGlobalSection
EndGlobal
